
Microsoft Visual Studio Solution File, Format Version 11.00
# Visual Studio 2010
Project("{FAE04EC0-301F-11D3-BF4B-00C04F79EFBC}") = "PaulTheOctopusGame", "PaulTheOctopusGame\PaulTheOctopusGame.csproj", "{25F5BC31-FE07-4C43-BAD5-DFA16514140F}"
EndProject
Global
	GlobalSection(SolutionConfigurationPlatforms) = preSolution
		Debug|Any CPU = Debug|Any CPU
		Release|Any CPU = Release|Any CPU
	EndGlobalSection
	GlobalSection(ProjectConfigurationPlatforms) = postSolution
		{25F5BC31-FE07-4C43-BAD5-DFA16514140F}.Debug|Any CPU.ActiveCfg = Debug|Any CPU
		{25F5BC31-FE07-4C43-BAD5-DFA16514140F}.Debug|Any CPU.Build.0 = Debug|Any CPU
		{25F5BC31-FE07-4C43-BAD5-DFA16514140F}.Release|Any CPU.ActiveCfg = Release|Any CPU
		{25F5BC31-FE07-4C43-BAD5-DFA16514140F}.Release|Any CPU.Build.0 = Release|Any CPU
	EndGlobalSection
	GlobalSection(SolutionProperties) = preSolution
		HideSolutionNode = FALSE
	EndGlobalSection
EndGlobal
